
Microsoft Visual Studio Solution File, Format Version 12.00
# Visual Studio Version 17
VisualStudioVersion = 17.5.33424.131
MinimumVisualStudioVersion = 10.0.40219.1
Project("{FAE04EC0-301F-11D3-BF4B-00C04F79EFBC}") = "library management", "library management\library management.csproj", "{1E5B6B97-CF05-468D-9978-ECAA9FD9BEEC}"
EndProject
Global
	GlobalSection(SolutionConfigurationPlatforms) = preSolution
		Debug|Any CPU = Debug|Any CPU
		Release|Any CPU = Release|Any CPU
	EndGlobalSection
	GlobalSection(ProjectConfigurationPlatforms) = postSolution
		{1E5B6B97-CF05-468D-9978-ECAA9FD9BEEC}.Debug|Any CPU.ActiveCfg = Debug|Any CPU
		{1E5B6B97-CF05-468D-9978-ECAA9FD9BEEC}.Debug|Any CPU.Build.0 = Debug|Any CPU
		{1E5B6B97-CF05-468D-9978-ECAA9FD9BEEC}.Release|Any CPU.ActiveCfg = Release|Any CPU
		{1E5B6B97-CF05-468D-9978-ECAA9FD9BEEC}.Release|Any CPU.Build.0 = Release|Any CPU
	EndGlobalSection
	GlobalSection(SolutionProperties) = preSolution
		HideSolutionNode = FALSE
	EndGlobalSection
	GlobalSection(ExtensibilityGlobals) = postSolution
		SolutionGuid = {D6CC5EB8-0F49-4FAB-9808-9F2E443F1286}
	EndGlobalSection
EndGlobal
